
Microsoft Visual Studio Solution File, Format Version 12.00
# Visual Studio Version 17
VisualStudioVersion = 17.4.33213.308
MinimumVisualStudioVersion = 10.0.40219.1
Project("{FAE04EC0-301F-11D3-BF4B-00C04F79EFBC}") = "CanvasApp", "CanvasApp\CanvasApp.csproj", "{4CB9DABD-E5EC-46CE-B693-C4B2F60C748B}"
EndProject
Global
	GlobalSection(SolutionConfigurationPlatforms) = preSolution
		Debug|Any CPU = Debug|Any CPU
		Release|Any CPU = Release|Any CPU
	EndGlobalSection
	GlobalSection(ProjectConfigurationPlatforms) = postSolution
		{4CB9DABD-E5EC-46CE-B693-C4B2F60C748B}.Debug|Any CPU.ActiveCfg = Debug|Any CPU
		{4CB9DABD-E5EC-46CE-B693-C4B2F60C748B}.Debug|Any CPU.Build.0 = Debug|Any CPU
		{4CB9DABD-E5EC-46CE-B693-C4B2F60C748B}.Release|Any CPU.ActiveCfg = Release|Any CPU
		{4CB9DABD-E5EC-46CE-B693-C4B2F60C748B}.Release|Any CPU.Build.0 = Release|Any CPU
	EndGlobalSection
	GlobalSection(SolutionProperties) = preSolution
		HideSolutionNode = FALSE
	EndGlobalSection
	GlobalSection(ExtensibilityGlobals) = postSolution
		SolutionGuid = {28994FC9-C967-43B4-BC0F-4CC1544E892D}
	EndGlobalSection
EndGlobal
